
Microsoft Visual Studio Solution File, Format Version 12.00
# Visual Studio 15
VisualStudioVersion = 15.0.27130.2027
MinimumVisualStudioVersion = 10.0.40219.1
Project("{FAE04EC0-301F-11D3-BF4B-00C04F79EFBC}") = "log4net.Kafka.Appender", "log4net.Kafka.Appender\log4net.Kafka.Appender.csproj", "{C8411B99-229A-4E51-9B52-36A5F9B7C219}"
EndProject
Project("{FAE04EC0-301F-11D3-BF4B-00C04F79EFBC}") = "log4net.Kafka.Appender.Test", "log4net.Kafka.Appender.Test\log4net.Kafka.Appender.Test.csproj", "{C8B57756-5D30-4356-9DD2-DDC9A04C3F87}"
EndProject
Global
	GlobalSection(SolutionConfigurationPlatforms) = preSolution
		Debug|Any CPU = Debug|Any CPU
		Release|Any CPU = Release|Any CPU
	EndGlobalSection
	GlobalSection(ProjectConfigurationPlatforms) = postSolution
		{C8411B99-229A-4E51-9B52-36A5F9B7C219}.Debug|Any CPU.ActiveCfg = Debug|Any CPU
		{C8411B99-229A-4E51-9B52-36A5F9B7C219}.Debug|Any CPU.Build.0 = Debug|Any CPU
		{C8411B99-229A-4E51-9B52-36A5F9B7C219}.Release|Any CPU.ActiveCfg = Release|Any CPU
		{C8411B99-229A-4E51-9B52-36A5F9B7C219}.Release|Any CPU.Build.0 = Release|Any CPU
		{C8B57756-5D30-4356-9DD2-DDC9A04C3F87}.Debug|Any CPU.ActiveCfg = Debug|Any CPU
		{C8B57756-5D30-4356-9DD2-DDC9A04C3F87}.Debug|Any CPU.Build.0 = Debug|Any CPU
		{C8B57756-5D30-4356-9DD2-DDC9A04C3F87}.Release|Any CPU.ActiveCfg = Release|Any CPU
		{C8B57756-5D30-4356-9DD2-DDC9A04C3F87}.Release|Any CPU.Build.0 = Release|Any CPU
	EndGlobalSection
	GlobalSection(SolutionProperties) = preSolution
		HideSolutionNode = FALSE
	EndGlobalSection
	GlobalSection(ExtensibilityGlobals) = postSolution
		SolutionGuid = {554EACA2-B73C-422E-A3A0-39378830D918}
	EndGlobalSection
EndGlobal
